
Microsoft Visual Studio Solution File, Format Version 12.00
# Visual Studio Version 17
VisualStudioVersion = 17.2.32616.157
MinimumVisualStudioVersion = 10.0.40219.1
Project("{FAE04EC0-301F-11D3-BF4B-00C04F79EFBC}") = "WordleClone", "WordleClone\WordleClone.csproj", "{60B027DF-C1AF-4263-BF78-9C77FA0E6BDB}"
EndProject
Global
	GlobalSection(SolutionConfigurationPlatforms) = preSolution
		Debug|Any CPU = Debug|Any CPU
		Release|Any CPU = Release|Any CPU
	EndGlobalSection
	GlobalSection(ProjectConfigurationPlatforms) = postSolution
		{60B027DF-C1AF-4263-BF78-9C77FA0E6BDB}.Debug|Any CPU.ActiveCfg = Debug|Any CPU
		{60B027DF-C1AF-4263-BF78-9C77FA0E6BDB}.Debug|Any CPU.Build.0 = Debug|Any CPU
		{60B027DF-C1AF-4263-BF78-9C77FA0E6BDB}.Release|Any CPU.ActiveCfg = Release|Any CPU
		{60B027DF-C1AF-4263-BF78-9C77FA0E6BDB}.Release|Any CPU.Build.0 = Release|Any CPU
	EndGlobalSection
	GlobalSection(SolutionProperties) = preSolution
		HideSolutionNode = FALSE
	EndGlobalSection
	GlobalSection(ExtensibilityGlobals) = postSolution
		SolutionGuid = {577E9C41-AA4E-4DF0-BE2C-EB9231BF7B9F}
	EndGlobalSection
EndGlobal
